// !$*UTF8*$!
{
	archiveVersion = 1;
	classes = {
	};
	objectVersion = 50;
	objects = {

/* Begin PBXBuildFile section */
		8B3EEA2623D6C33300F70162 /* AppDelegate.m in Sources */ = {isa = PBXBuildFile; fileRef = 8B3EEA2523D6C33300F70162 /* AppDelegate.m */; };
		8B3EEA2923D6C33300F70162 /* SceneDelegate.m in Sources */ = {isa = PBXBuildFile; fileRef = 8B3EEA2823D6C33300F70162 /* SceneDelegate.m */; };
		8B3EEA2F23D6C33300F70162 /* Main.storyboard in Resources */ = {isa = PBXBuildFile; fileRef = 8B3EEA2D23D6C33300F70162 /* Main.storyboard */; };
		8B3EEA3123D6C33500F70162 /* Assets.xcassets in Resources */ = {isa = PBXBuildFile; fileRef = 8B3EEA3023D6C33500F70162 /* Assets.xcassets */; };
		8B3EEA3423D6C33500F70162 /* LaunchScreen.storyboard in Resources */ = {isa = PBXBuildFile; fileRef = 8B3EEA3223D6C33500F70162 /* LaunchScreen.storyboard */; };
		8B3EEA3723D6C33500F70162 /* main.m in Sources */ = {isa = PBXBuildFile; fileRef = 8B3EEA3623D6C33500F70162 /* main.m */; };
		8B3EEA3F23D6E0E500F70162 /* libsqlite3.0.tbd in Frameworks */ = {isa = PBXBuildFile; fileRef = 8B3EEA3E23D6E0E500F70162 /* libsqlite3.0.tbd */; };
		8B3EEA4223D6E26900F70162 /* DBConfig.plist in Resources */ = {isa = PBXBuildFile; fileRef = 8B3EEA4123D6E26900F70162 /* DBConfig.plist */; };
		8B3EEA4423D6E9D400F70162 /* create_load.sql in Resources */ = {isa = PBXBuildFile; fileRef = 8B3EEA4323D6E9D400F70162 /* create_load.sql */; };
		8B3EEA4823D7E66D00F70162 /* Events.m in Sources */ = {isa = PBXBuildFile; fileRef = 8B3EEA4723D7E66D00F70162 /* Events.m */; };
		8B3EEA4B23D7E75700F70162 /* Schedule.m in Sources */ = {isa = PBXBuildFile; fileRef = 8B3EEA4A23D7E75700F70162 /* Schedule.m */; };
		8B3EEA4F23D7E93300F70162 /* DBHelper.m in Sources */ = {isa = PBXBuildFile; fileRef = 8B3EEA4E23D7E93300F70162 /* DBHelper.m */; };
		8B3EEA5223D8905900F70162 /* BaseDAO.m in Sources */ = {isa = PBXBuildFile; fileRef = 8B3EEA5123D8905900F70162 /* BaseDAO.m */; };
		8B3EEA5523D9336400F70162 /* EventsDAO.m in Sources */ = {isa = PBXBuildFile; fileRef = 8B3EEA5423D9336400F70162 /* EventsDAO.m */; };
		8B3EEA5823D9342F00F70162 /* ScheduleDAO.m in Sources */ = {isa = PBXBuildFile; fileRef = 8B3EEA5723D9342F00F70162 /* ScheduleDAO.m */; };
		8B3EEAAD23D97FE300F70162 /* HomeViewController.m in Sources */ = {isa = PBXBuildFile; fileRef = 8B3EEAAC23D97FE300F70162 /* HomeViewController.m */; };
		8B3EEAB423D9871100F70162 /* ScheduleViewController.m in Sources */ = {isa = PBXBuildFile; fileRef = 8B3EEAB323D9871100F70162 /* ScheduleViewController.m */; };
		8B3EEABA23D98D1E00F70162 /* EventsViewController.m in Sources */ = {isa = PBXBuildFile; fileRef = 8B3EEAB923D98D1E00F70162 /* EventsViewController.m */; };
		8B3EEABD23D98D3300F70162 /* EventsDetailViewController.m in Sources */ = {isa = PBXBuildFile; fileRef = 8B3EEABC23D98D3300F70162 /* EventsDetailViewController.m */; };
		8B3EEAC023D98EB300F70162 /* CountDownViewController.m in Sources */ = {isa = PBXBuildFile; fileRef = 8B3EEABF23D98EB300F70162 /* CountDownViewController.m */; };
		8B3EEAC323D98EBE00F70162 /* AboutViewController.m in Sources */ = {isa = PBXBuildFile; fileRef = 8B3EEAC223D98EBE00F70162 /* AboutViewController.m */; };
/* End PBXBuildFile section */

/* Begin PBXFileReference section */
		8B3EEA2123D6C33300F70162 /* TokyoOlympics.app */ = {isa = PBXFileReference; explicitFileType = wrapper.application; includeInIndex = 0; path = TokyoOlympics.app; sourceTree = BUILT_PRODUCTS_DIR; };
		8B3EEA2423D6C33300F70162 /* AppDelegate.h */ = {isa = PBXFileReference; lastKnownFileType = sourcecode.c.h; path = AppDelegate.h; sourceTree = "<group>"; };
		8B3EEA2523D6C33300F70162 /* AppDelegate.m */ = {isa = PBXFileReference; lastKnownFileType = sourcecode.c.objc; path = AppDelegate.m; sourceTree = "<group>"; };
		8B3EEA2723D6C33300F70162 /* SceneDelegate.h */ = {isa = PBXFileReference; lastKnownFileType = sourcecode.c.h; path = SceneDelegate.h; sourceTree = "<group>"; };
		8B3EEA2823D6C33300F70162 /* SceneDelegate.m */ = {isa = PBXFileReference; lastKnownFileType = sourcecode.c.objc; path = SceneDelegate.m; sourceTree = "<group>"; };
		8B3EEA2E23D6C33300F70162 /* Base */ = {isa = PBXFileReference; lastKnownFileType = file.storyboard; name = Base; path = Base.lproj/Main.storyboard; sourceTree = "<group>"; };
		8B3EEA3023D6C33500F70162 /* Assets.xcassets */ = {isa = PBXFileReference; lastKnownFileType = folder.assetcatalog; path = Assets.xcassets; sourceTree = "<group>"; };
		8B3EEA3323D6C33500F70162 /* Base */ = {isa = PBXFileReference; lastKnownFileType = file.storyboard; name = Base; path = Base.lproj/LaunchScreen.storyboard; sourceTree = "<group>"; };
		8B3EEA3523D6C33500F70162 /* Info.plist */ = {isa = PBXFileReference; lastKnownFileType = text.plist.xml; path = Info.plist; sourceTree = "<group>"; };
		8B3EEA3623D6C33500F70162 /* main.m */ = {isa = PBXFileReference; lastKnownFileType = sourcecode.c.objc; path = main.m; sourceTree = "<group>"; };
		8B3EEA3E23D6E0E500F70162 /* libsqlite3.0.tbd */ = {isa = PBXFileReference; lastKnownFileType = "sourcecode.text-based-dylib-definition"; name = libsqlite3.0.tbd; path = usr/lib/libsqlite3.0.tbd; sourceTree = SDKROOT; };
		8B3EEA4123D6E26900F70162 /* DBConfig.plist */ = {isa = PBXFileReference; lastKnownFileType = text.plist.xml; path = DBConfig.plist; sourceTree = "<group>"; };
		8B3EEA4323D6E9D400F70162 /* create_load.sql */ = {isa = PBXFileReference; fileEncoding = 4; lastKnownFileType = text; name = create_load.sql; path = ../../../../../Desktop/code/ch29/ObjC/TokyoOlympics/PersistenceLayer/DBFile/create_load.sql; sourceTree = "<group>"; };
		8B3EEA4623D7E66D00F70162 /* Events.h */ = {isa = PBXFileReference; lastKnownFileType = sourcecode.c.h; path = Events.h; sourceTree = "<group>"; };
		8B3EEA4723D7E66D00F70162 /* Events.m */ = {isa = PBXFileReference; lastKnownFileType = sourcecode.c.objc; path = Events.m; sourceTree = "<group>"; };
		8B3EEA4923D7E75700F70162 /* Schedule.h */ = {isa = PBXFileReference; lastKnownFileType = sourcecode.c.h; path = Schedule.h; sourceTree = "<group>"; };
		8B3EEA4A23D7E75700F70162 /* Schedule.m */ = {isa = PBXFileReference; lastKnownFileType = sourcecode.c.objc; path = Schedule.m; sourceTree = "<group>"; };
		8B3EEA4D23D7E93300F70162 /* DBHelper.h */ = {isa = PBXFileReference; lastKnownFileType = sourcecode.c.h; path = DBHelper.h; sourceTree = "<group>"; };
		8B3EEA4E23D7E93300F70162 /* DBHelper.m */ = {isa = PBXFileReference; lastKnownFileType = sourcecode.c.objc; path = DBHelper.m; sourceTree = "<group>"; };
		8B3EEA5023D8905900F70162 /* BaseDAO.h */ = {isa = PBXFileReference; lastKnownFileType = sourcecode.c.h; path = BaseDAO.h; sourceTree = "<group>"; };
		8B3EEA5123D8905900F70162 /* BaseDAO.m */ = {isa = PBXFileReference; lastKnownFileType = sourcecode.c.objc; path = BaseDAO.m; sourceTree = "<group>"; };
		8B3EEA5323D9336400F70162 /* EventsDAO.h */ = {isa = PBXFileReference; lastKnownFileType = sourcecode.c.h; path = EventsDAO.h; sourceTree = "<group>"; };
		8B3EEA5423D9336400F70162 /* EventsDAO.m */ = {isa = PBXFileReference; lastKnownFileType = sourcecode.c.objc; path = EventsDAO.m; sourceTree = "<group>"; };
		8B3EEA5623D9342F00F70162 /* ScheduleDAO.h */ = {isa = PBXFileReference; lastKnownFileType = sourcecode.c.h; path = ScheduleDAO.h; sourceTree = "<group>"; };
		8B3EEA5723D9342F00F70162 /* ScheduleDAO.m */ = {isa = PBXFileReference; lastKnownFileType = sourcecode.c.objc; path = ScheduleDAO.m; sourceTree = "<group>"; };
		8B3EEAAB23D97FE300F70162 /* HomeViewController.h */ = {isa = PBXFileReference; lastKnownFileType = sourcecode.c.h; path = HomeViewController.h; sourceTree = "<group>"; };
		8B3EEAAC23D97FE300F70162 /* HomeViewController.m */ = {isa = PBXFileReference; lastKnownFileType = sourcecode.c.objc; path = HomeViewController.m; sourceTree = "<group>"; };
		8B3EEAB223D9871100F70162 /* ScheduleViewController.h */ = {isa = PBXFileReference; lastKnownFileType = sourcecode.c.h; path = ScheduleViewController.h; sourceTree = "<group>"; };
		8B3EEAB323D9871100F70162 /* ScheduleViewController.m */ = {isa = PBXFileReference; lastKnownFileType = sourcecode.c.objc; path = ScheduleViewController.m; sourceTree = "<group>"; };
		8B3EEAB823D98D1E00F70162 /* EventsViewController.h */ = {isa = PBXFileReference; lastKnownFileType = sourcecode.c.h; path = EventsViewController.h; sourceTree = "<group>"; };
		8B3EEAB923D98D1E00F70162 /* EventsViewController.m */ = {isa = PBXFileReference; lastKnownFileType = sourcecode.c.objc; path = EventsViewController.m; sourceTree = "<group>"; };
		8B3EEABB23D98D3300F70162 /* EventsDetailViewController.h */ = {isa = PBXFileReference; lastKnownFileType = sourcecode.c.h; path = EventsDetailViewController.h; sourceTree = "<group>"; };
		8B3EEABC23D98D3300F70162 /* EventsDetailViewController.m */ = {isa = PBXFileReference; lastKnownFileType = sourcecode.c.objc; path = EventsDetailViewController.m; sourceTree = "<group>"; };
		8B3EEABE23D98EB300F70162 /* CountDownViewController.h */ = {isa = PBXFileReference; lastKnownFileType = sourcecode.c.h; path = CountDownViewController.h; sourceTree = "<group>"; };
		8B3EEABF23D98EB300F70162 /* CountDownViewController.m */ = {isa = PBXFileReference; lastKnownFileType = sourcecode.c.objc; path = CountDownViewController.m; sourceTree = "<group>"; };
		8B3EEAC123D98EBE00F70162 /* AboutViewController.h */ = {isa = PBXFileReference; lastKnownFileType = sourcecode.c.h; path = AboutViewController.h; sourceTree = "<group>"; };
		8B3EEAC223D98EBE00F70162 /* AboutViewController.m */ = {isa = PBXFileReference; lastKnownFileType = sourcecode.c.objc; path = AboutViewController.m; sourceTree = "<group>"; };
/* End PBXFileReference section */

/* Begin PBXFrameworksBuildPhase section */
		8B3EEA1E23D6C33300F70162 /* Frameworks */ = {
			isa = PBXFrameworksBuildPhase;
			buildActionMask = 2147483647;
			files = (
				8B3EEA3F23D6E0E500F70162 /* libsqlite3.0.tbd in Frameworks */,
			);
			runOnlyForDeploymentPostprocessing = 0;
		};
/* End PBXFrameworksBuildPhase section */

/* Begin PBXGroup section */
		8B3EEA1823D6C33300F70162 = {
			isa = PBXGroup;
			children = (
				8B3EEA4C23D7E80900F70162 /* DAO */,
				8B3EEA4523D7E63800F70162 /* domain */,
				8B3EEA4023D6E22800F70162 /* DBFile */,
				8B3EEA2323D6C33300F70162 /* TokyoOlympics */,
				8B3EEA2223D6C33300F70162 /* Products */,
				8B3EEA3D23D6E0E500F70162 /* Frameworks */,
			);
			sourceTree = "<group>";
		};
		8B3EEA2223D6C33300F70162 /* Products */ = {
			isa = PBXGroup;
			children = (
				8B3EEA2123D6C33300F70162 /* TokyoOlympics.app */,
			);
			name = Products;
			sourceTree = "<group>";
		};
		8B3EEA2323D6C33300F70162 /* TokyoOlympics */ = {
			isa = PBXGroup;
			children = (
				8B3EEAB123D9864E00F70162 /* About */,
				8B3EEAB023D9864200F70162 /* CountDown */,
				8B3EEAAF23D9863200F70162 /* Schedule */,
				8B3EEAAE23D9861700F70162 /* Events */,
				8B3EEAAA23D97FC900F70162 /* Home */,
				8B3EEA2423D6C33300F70162 /* AppDelegate.h */,
				8B3EEA2523D6C33300F70162 /* AppDelegate.m */,
				8B3EEA2723D6C33300F70162 /* SceneDelegate.h */,
				8B3EEA2823D6C33300F70162 /* SceneDelegate.m */,
				8B3EEA2D23D6C33300F70162 /* Main.storyboard */,
				8B3EEA3023D6C33500F70162 /* Assets.xcassets */,
				8B3EEA3223D6C33500F70162 /* LaunchScreen.storyboard */,
				8B3EEA3523D6C33500F70162 /* Info.plist */,
				8B3EEA3623D6C33500F70162 /* main.m */,
			);
			path = TokyoOlympics;
			sourceTree = "<group>";
		};
		8B3EEA3D23D6E0E500F70162 /* Frameworks */ = {
			isa = PBXGroup;
			children = (
				8B3EEA3E23D6E0E500F70162 /* libsqlite3.0.tbd */,
			);
			name = Frameworks;
			sourceTree = "<group>";
		};
		8B3EEA4023D6E22800F70162 /* DBFile */ = {
			isa = PBXGroup;
			children = (
				8B3EEA4323D6E9D400F70162 /* create_load.sql */,
				8B3EEA4123D6E26900F70162 /* DBConfig.plist */,
			);
			path = DBFile;
			sourceTree = "<group>";
		};
		8B3EEA4523D7E63800F70162 /* domain */ = {
			isa = PBXGroup;
			children = (
				8B3EEA4623D7E66D00F70162 /* Events.h */,
				8B3EEA4723D7E66D00F70162 /* Events.m */,
				8B3EEA4923D7E75700F70162 /* Schedule.h */,
				8B3EEA4A23D7E75700F70162 /* Schedule.m */,
			);
			path = domain;
			sourceTree = "<group>";
		};
		8B3EEA4C23D7E80900F70162 /* DAO */ = {
			isa = PBXGroup;
			children = (
				8B3EEA4D23D7E93300F70162 /* DBHelper.h */,
				8B3EEA4E23D7E93300F70162 /* DBHelper.m */,
				8B3EEA5023D8905900F70162 /* BaseDAO.h */,
				8B3EEA5123D8905900F70162 /* BaseDAO.m */,
				8B3EEA5323D9336400F70162 /* EventsDAO.h */,
				8B3EEA5423D9336400F70162 /* EventsDAO.m */,
				8B3EEA5623D9342F00F70162 /* ScheduleDAO.h */,
				8B3EEA5723D9342F00F70162 /* ScheduleDAO.m */,
			);
			path = DAO;
			sourceTree = "<group>";
		};
		8B3EEAAA23D97FC900F70162 /* Home */ = {
			isa = PBXGroup;
			children = (
				8B3EEAAB23D97FE300F70162 /* HomeViewController.h */,
				8B3EEAAC23D97FE300F70162 /* HomeViewController.m */,
			);
			path = Home;
			sourceTree = "<group>";
		};
		8B3EEAAE23D9861700F70162 /* Events */ = {
			isa = PBXGroup;
			children = (
				8B3EEAB823D98D1E00F70162 /* EventsViewController.h */,
				8B3EEAB923D98D1E00F70162 /* EventsViewController.m */,
				8B3EEABB23D98D3300F70162 /* EventsDetailViewController.h */,
				8B3EEABC23D98D3300F70162 /* EventsDetailViewController.m */,
			);
			path = Events;
			sourceTree = "<group>";
		};
		8B3EEAAF23D9863200F70162 /* Schedule */ = {
			isa = PBXGroup;
			children = (
				8B3EEAB223D9871100F70162 /* ScheduleViewController.h */,
				8B3EEAB323D9871100F70162 /* ScheduleViewController.m */,
			);
			path = Schedule;
			sourceTree = "<group>";
		};
		8B3EEAB023D9864200F70162 /* CountDown */ = {
			isa = PBXGroup;
			children = (
				8B3EEABE23D98EB300F70162 /* CountDownViewController.h */,
				8B3EEABF23D98EB300F70162 /* CountDownViewController.m */,
			);
			path = CountDown;
			sourceTree = "<group>";
		};
		8B3EEAB123D9864E00F70162 /* About */ = {
			isa = PBXGroup;
			children = (
				8B3EEAC123D98EBE00F70162 /* AboutViewController.h */,
				8B3EEAC223D98EBE00F70162 /* AboutViewController.m */,
			);
			path = About;
			sourceTree = "<group>";
		};
/* End PBXGroup section */

/* Begin PBXNativeTarget section */
		8B3EEA2023D6C33300F70162 /* TokyoOlympics */ = {
			isa = PBXNativeTarget;
			buildConfigurationList = 8B3EEA3A23D6C33500F70162 /* Build configuration list for PBXNativeTarget "TokyoOlympics" */;
			buildPhases = (
				8B3EEA1D23D6C33300F70162 /* Sources */,
				8B3EEA1E23D6C33300F70162 /* Frameworks */,
				8B3EEA1F23D6C33300F70162 /* Resources */,
			);
			buildRules = (
			);
			dependencies = (
			);
			name = TokyoOlympics;
			productName = TokyoOlympics;
			productReference = 8B3EEA2123D6C33300F70162 /* TokyoOlympics.app */;
			productType = "com.apple.product-type.application";
		};
/* End PBXNativeTarget section */

/* Begin PBXProject section */
		8B3EEA1923D6C33300F70162 /* Project object */ = {
			isa = PBXProject;
			attributes = {
				LastUpgradeCheck = 1130;
				ORGANIZATIONNAME = Mr.TF;
				TargetAttributes = {
					8B3EEA2023D6C33300F70162 = {
						CreatedOnToolsVersion = 11.3.1;
					};
				};
			};
			buildConfigurationList = 8B3EEA1C23D6C33300F70162 /* Build configuration list for PBXProject "TokyoOlympics" */;
			compatibilityVersion = "Xcode 9.3";
			developmentRegion = en;
			hasScannedForEncodings = 0;
			knownRegions = (
				en,
				Base,
			);
			mainGroup = 8B3EEA1823D6C33300F70162;
			productRefGroup = 8B3EEA2223D6C33300F70162 /* Products */;
			projectDirPath = "";
			projectRoot = "";
			targets = (
				8B3EEA2023D6C33300F70162 /* TokyoOlympics */,
			);
		};
/* End PBXProject section */

/* Begin PBXResourcesBuildPhase section */
		8B3EEA1F23D6C33300F70162 /* Resources */ = {
			isa = PBXResourcesBuildPhase;
			buildActionMask = 2147483647;
			files = (
				8B3EEA4223D6E26900F70162 /* DBConfig.plist in Resources */,
				8B3EEA3423D6C33500F70162 /* LaunchScreen.storyboard in Resources */,
				8B3EEA3123D6C33500F70162 /* Assets.xcassets in Resources */,
				8B3EEA4423D6E9D400F70162 /* create_load.sql in Resources */,
				8B3EEA2F23D6C33300F70162 /* Main.storyboard in Resources */,
			);
			runOnlyForDeploymentPostprocessing = 0;
		};
/* End PBXResourcesBuildPhase section */

/* Begin PBXSourcesBuildPhase section */
		8B3EEA1D23D6C33300F70162 /* Sources */ = {
			isa = PBXSourcesBuildPhase;
			buildActionMask = 2147483647;
			files = (
				8B3EEABD23D98D3300F70162 /* EventsDetailViewController.m in Sources */,
				8B3EEA4B23D7E75700F70162 /* Schedule.m in Sources */,
				8B3EEABA23D98D1E00F70162 /* EventsViewController.m in Sources */,
				8B3EEAB423D9871100F70162 /* ScheduleViewController.m in Sources */,
				8B3EEA5523D9336400F70162 /* EventsDAO.m in Sources */,
				8B3EEA2623D6C33300F70162 /* AppDelegate.m in Sources */,
				8B3EEAC323D98EBE00F70162 /* AboutViewController.m in Sources */,
				8B3EEAAD23D97FE300F70162 /* HomeViewController.m in Sources */,
				8B3EEA5223D8905900F70162 /* BaseDAO.m in Sources */,
				8B3EEA4823D7E66D00F70162 /* Events.m in Sources */,
				8B3EEA3723D6C33500F70162 /* main.m in Sources */,
				8B3EEAC023D98EB300F70162 /* CountDownViewController.m in Sources */,
				8B3EEA5823D9342F00F70162 /* ScheduleDAO.m in Sources */,
				8B3EEA4F23D7E93300F70162 /* DBHelper.m in Sources */,
				8B3EEA2923D6C33300F70162 /* SceneDelegate.m in Sources */,
			);
			runOnlyForDeploymentPostprocessing = 0;
		};
/* End PBXSourcesBuildPhase section */

/* Begin PBXVariantGroup section */
		8B3EEA2D23D6C33300F70162 /* Main.storyboard */ = {
			isa = PBXVariantGroup;
			children = (
				8B3EEA2E23D6C33300F70162 /* Base */,
			);
			name = Main.storyboard;
			sourceTree = "<group>";
		};
		8B3EEA3223D6C33500F70162 /* LaunchScreen.storyboard */ = {
			isa = PBXVariantGroup;
			children = (
				8B3EEA3323D6C33500F70162 /* Base */,
			);
			name = LaunchScreen.storyboard;
			sourceTree = "<group>";
		};
/* End PBXVariantGroup section */

/* Begin XCBuildConfiguration section */
		8B3EEA3823D6C33500F70162 /* Debug */ = {
			isa = XCBuildConfiguration;
			buildSettings = {
				ALWAYS_SEARCH_USER_PATHS = NO;
				CLANG_ANALYZER_NONNULL = YES;
				CLANG_ANALYZER_NUMBER_OBJECT_CONVERSION = YES_AGGRESSIVE;
				CLANG_CXX_LANGUAGE_STANDARD = "gnu++14";
				CLANG_CXX_LIBRARY = "libc++";
				CLANG_ENABLE_MODULES = YES;
				CLANG_ENABLE_OBJC_ARC = YES;
				CLANG_ENABLE_OBJC_WEAK = YES;
				CLANG_WARN_BLOCK_CAPTURE_AUTORELEASING = YES;
				CLANG_WARN_BOOL_CONVERSION = YES;
				CLANG_WARN_COMMA = YES;
				CLANG_WARN_CONSTANT_CONVERSION = YES;
				CLANG_WARN_DEPRECATED_OBJC_IMPLEMENTATIONS = YES;
				CLANG_WARN_DIRECT_OBJC_ISA_USAGE = YES_ERROR;
				CLANG_WARN_DOCUMENTATION_COMMENTS = YES;
				CLANG_WARN_EMPTY_BODY = YES;
				CLANG_WARN_ENUM_CONVERSION = YES;
				CLANG_WARN_INFINITE_RECURSION = YES;
				CLANG_WARN_INT_CONVERSION = YES;
				CLANG_WARN_NON_LITERAL_NULL_CONVERSION = YES;
				CLANG_WARN_OBJC_IMPLICIT_RETAIN_SELF = YES;
				CLANG_WARN_OBJC_LITERAL_CONVERSION = YES;
				CLANG_WARN_OBJC_ROOT_CLASS = YES_ERROR;
				CLANG_WARN_RANGE_LOOP_ANALYSIS = YES;
				CLANG_WARN_STRICT_PROTOTYPES = YES;
				CLANG_WARN_SUSPICIOUS_MOVE = YES;
				CLANG_WARN_UNGUARDED_AVAILABILITY = YES_AGGRESSIVE;
				CLANG_WARN_UNREACHABLE_CODE = YES;
				CLANG_WARN__DUPLICATE_METHOD_MATCH = YES;
				COPY_PHASE_STRIP = NO;
				DEBUG_INFORMATION_FORMAT = dwarf;
				ENABLE_STRICT_OBJC_MSGSEND = YES;
				ENABLE_TESTABILITY = YES;
				GCC_C_LANGUAGE_STANDARD = gnu11;
				GCC_DYNAMIC_NO_PIC = NO;
				GCC_NO_COMMON_BLOCKS = YES;
				GCC_OPTIMIZATION_LEVEL = 0;
				GCC_PREPROCESSOR_DEFINITIONS = (
					"DEBUG=1",
					"$(inherited)",
				);
				GCC_WARN_64_TO_32_BIT_CONVERSION = YES;
				GCC_WARN_ABOUT_RETURN_TYPE = YES_ERROR;
				GCC_WARN_UNDECLARED_SELECTOR = YES;
				GCC_WARN_UNINITIALIZED_AUTOS = YES_AGGRESSIVE;
				GCC_WARN_UNUSED_FUNCTION = YES;
				GCC_WARN_UNUSED_VARIABLE = YES;
				IPHONEOS_DEPLOYMENT_TARGET = 13.2;
				MTL_ENABLE_DEBUG_INFO = INCLUDE_SOURCE;
				MTL_FAST_MATH = YES;
				ONLY_ACTIVE_ARCH = YES;
				SDKROOT = iphoneos;
			};
			name = Debug;
		};
		8B3EEA3923D6C33500F70162 /* Release */ = {
			isa = XCBuildConfiguration;
			buildSettings = {
				ALWAYS_SEARCH_USER_PATHS = NO;
				CLANG_ANALYZER_NONNULL = YES;
				CLANG_ANALYZER_NUMBER_OBJECT_CONVERSION = YES_AGGRESSIVE;
				CLANG_CXX_LANGUAGE_STANDARD = "gnu++14";
				CLANG_CXX_LIBRARY = "libc++";
				CLANG_ENABLE_MODULES = YES;
				CLANG_ENABLE_OBJC_ARC = YES;
				CLANG_ENABLE_OBJC_WEAK = YES;
				CLANG_WARN_BLOCK_CAPTURE_AUTORELEASING = YES;
				CLANG_WARN_BOOL_CONVERSION = YES;
				CLANG_WARN_COMMA = YES;
				CLANG_WARN_CONSTANT_CONVERSION = YES;
				CLANG_WARN_DEPRECATED_OBJC_IMPLEMENTATIONS = YES;
				CLANG_WARN_DIRECT_OBJC_ISA_USAGE = YES_ERROR;
				CLANG_WARN_DOCUMENTATION_COMMENTS = YES;
				CLANG_WARN_EMPTY_BODY = YES;
				CLANG_WARN_ENUM_CONVERSION = YES;
				CLANG_WARN_INFINITE_RECURSION = YES;
				CLANG_WARN_INT_CONVERSION = YES;
				CLANG_WARN_NON_LITERAL_NULL_CONVERSION = YES;
				CLANG_WARN_OBJC_IMPLICIT_RETAIN_SELF = YES;
				CLANG_WARN_OBJC_LITERAL_CONVERSION = YES;
				CLANG_WARN_OBJC_ROOT_CLASS = YES_ERROR;
				CLANG_WARN_RANGE_LOOP_ANALYSIS = YES;
				CLANG_WARN_STRICT_PROTOTYPES = YES;
				CLANG_WARN_SUSPICIOUS_MOVE = YES;
				CLANG_WARN_UNGUARDED_AVAILABILITY = YES_AGGRESSIVE;
				CLANG_WARN_UNREACHABLE_CODE = YES;
				CLANG_WARN__DUPLICATE_METHOD_MATCH = YES;
				COPY_PHASE_STRIP = NO;
				DEBUG_INFORMATION_FORMAT = "dwarf-with-dsym";
				ENABLE_NS_ASSERTIONS = NO;
				ENABLE_STRICT_OBJC_MSGSEND = YES;
				GCC_C_LANGUAGE_STANDARD = gnu11;
				GCC_NO_COMMON_BLOCKS = YES;
				GCC_WARN_64_TO_32_BIT_CONVERSION = YES;
				GCC_WARN_ABOUT_RETURN_TYPE = YES_ERROR;
				GCC_WARN_UNDECLARED_SELECTOR = YES;
				GCC_WARN_UNINITIALIZED_AUTOS = YES_AGGRESSIVE;
				GCC_WARN_UNUSED_FUNCTION = YES;
				GCC_WARN_UNUSED_VARIABLE = YES;
				IPHONEOS_DEPLOYMENT_TARGET = 13.2;
				MTL_ENABLE_DEBUG_INFO = NO;
				MTL_FAST_MATH = YES;
				SDKROOT = iphoneos;
				VALIDATE_PRODUCT = YES;
			};
			name = Release;
		};
		8B3EEA3B23D6C33500F70162 /* Debug */ = {
			isa = XCBuildConfiguration;
			buildSettings = {
				ASSETCATALOG_COMPILER_APPICON_NAME = AppIcon;
				CODE_SIGN_STYLE = Automatic;
				DEVELOPMENT_TEAM = WL4RFH9S5A;
				INFOPLIST_FILE = TokyoOlympics/Info.plist;
				LD_RUNPATH_SEARCH_PATHS = (
					"$(inherited)",
					"@executable_path/Frameworks",
				);
				PRODUCT_BUNDLE_IDENTIFIER = Mr.TF.project.TokyoOlympics;
				PRODUCT_NAME = "$(TARGET_NAME)";
				TARGETED_DEVICE_FAMILY = "1,2";
			};
			name = Debug;
		};
		8B3EEA3C23D6C33500F70162 /* Release */ = {
			isa = XCBuildConfiguration;
			buildSettings = {
				ASSETCATALOG_COMPILER_APPICON_NAME = AppIcon;
				CODE_SIGN_STYLE = Automatic;
				DEVELOPMENT_TEAM = WL4RFH9S5A;
				INFOPLIST_FILE = TokyoOlympics/Info.plist;
				LD_RUNPATH_SEARCH_PATHS = (
					"$(inherited)",
					"@executable_path/Frameworks",
				);
				PRODUCT_BUNDLE_IDENTIFIER = Mr.TF.project.TokyoOlympics;
				PRODUCT_NAME = "$(TARGET_NAME)";
				TARGETED_DEVICE_FAMILY = "1,2";
			};
			name = Release;
		};
/* End XCBuildConfiguration section */

/* Begin XCConfigurationList section */
		8B3EEA1C23D6C33300F70162 /* Build configuration list for PBXProject "TokyoOlympics" */ = {
			isa = XCConfigurationList;
			buildConfigurations = (
				8B3EEA3823D6C33500F70162 /* Debug */,
				8B3EEA3923D6C33500F70162 /* Release */,
			);
			defaultConfigurationIsVisible = 0;
			defaultConfigurationName = Release;
		};
		8B3EEA3A23D6C33500F70162 /* Build configuration list for PBXNativeTarget "TokyoOlympics" */ = {
			isa = XCConfigurationList;
			buildConfigurations = (
				8B3EEA3B23D6C33500F70162 /* Debug */,
				8B3EEA3C23D6C33500F70162 /* Release */,
			);
			defaultConfigurationIsVisible = 0;
			defaultConfigurationName = Release;
		};
/* End XCConfigurationList section */
	};
	rootObject = 8B3EEA1923D6C33300F70162 /* Project object */;
}
